
Microsoft Visual Studio Solution File, Format Version 12.00
# Visual Studio Version 16
VisualStudioVersion = 16.0.31702.278
MinimumVisualStudioVersion = 10.0.40219.1
Project("{FAE04EC0-301F-11D3-BF4B-00C04F79EFBC}") = "NovawebDesafio", "NovawebDesafio\NovawebDesafio.csproj", "{780F7873-B751-4E57-A3A0-F8CF661627CF}"
EndProject
Global
	GlobalSection(SolutionConfigurationPlatforms) = preSolution
		Debug|Any CPU = Debug|Any CPU
		Release|Any CPU = Release|Any CPU
	EndGlobalSection
	GlobalSection(ProjectConfigurationPlatforms) = postSolution
		{780F7873-B751-4E57-A3A0-F8CF661627CF}.Debug|Any CPU.ActiveCfg = Debug|Any CPU
		{780F7873-B751-4E57-A3A0-F8CF661627CF}.Debug|Any CPU.Build.0 = Debug|Any CPU
		{780F7873-B751-4E57-A3A0-F8CF661627CF}.Release|Any CPU.ActiveCfg = Release|Any CPU
		{780F7873-B751-4E57-A3A0-F8CF661627CF}.Release|Any CPU.Build.0 = Release|Any CPU
	EndGlobalSection
	GlobalSection(SolutionProperties) = preSolution
		HideSolutionNode = FALSE
	EndGlobalSection
	GlobalSection(ExtensibilityGlobals) = postSolution
		SolutionGuid = {0ACD4BC6-A853-443F-A0FB-94646E9A1A08}
	EndGlobalSection
EndGlobal
